
Microsoft Visual Studio Solution File, Format Version 12.00
# Visual Studio 15
VisualStudioVersion = 15.0.27703.2035
MinimumVisualStudioVersion = 10.0.40219.1
Project("{FAE04EC0-301F-11D3-BF4B-00C04F79EFBC}") = "TestingAutomation", "TestingAutomation\TestingAutomation.csproj", "{9DAC6DB6-FD74-4AA0-879D-7EFE1CBB03FC}"
EndProject
Global
	GlobalSection(SolutionConfigurationPlatforms) = preSolution
		Debug|Any CPU = Debug|Any CPU
		Release|Any CPU = Release|Any CPU
	EndGlobalSection
	GlobalSection(ProjectConfigurationPlatforms) = postSolution
		{9DAC6DB6-FD74-4AA0-879D-7EFE1CBB03FC}.Debug|Any CPU.ActiveCfg = Debug|Any CPU
		{9DAC6DB6-FD74-4AA0-879D-7EFE1CBB03FC}.Debug|Any CPU.Build.0 = Debug|Any CPU
		{9DAC6DB6-FD74-4AA0-879D-7EFE1CBB03FC}.Release|Any CPU.ActiveCfg = Release|Any CPU
		{9DAC6DB6-FD74-4AA0-879D-7EFE1CBB03FC}.Release|Any CPU.Build.0 = Release|Any CPU
	EndGlobalSection
	GlobalSection(SolutionProperties) = preSolution
		HideSolutionNode = FALSE
	EndGlobalSection
	GlobalSection(ExtensibilityGlobals) = postSolution
		SolutionGuid = {8952CC7C-9B25-48F7-A3D2-0B7919B9E173}
	EndGlobalSection
EndGlobal
